// !$*UTF8*$!
{
	archiveVersion = 1;
	classes = {
	};
	objectVersion = 50;
	objects = {

/* Begin PBXBuildFile section */
		8EA9E2E4251CE66600B5491E /* AppDelegate.swift in Sources */ = {isa = PBXBuildFile; fileRef = 8EA9E2E3251CE66600B5491E /* AppDelegate.swift */; };
		8EA9E2E6251CE66600B5491E /* SceneDelegate.swift in Sources */ = {isa = PBXBuildFile; fileRef = 8EA9E2E5251CE66600B5491E /* SceneDelegate.swift */; };
		8EA9E2E8251CE66600B5491E /* ViewController.swift in Sources */ = {isa = PBXBuildFile; fileRef = 8EA9E2E7251CE66600B5491E /* ViewController.swift */; };
		8EA9E2EB251CE66600B5491E /* Main.storyboard in Resources */ = {isa = PBXBuildFile; fileRef = 8EA9E2E9251CE66600B5491E /* Main.storyboard */; };
		8EA9E2ED251CE66A00B5491E /* Assets.xcassets in Resources */ = {isa = PBXBuildFile; fileRef = 8EA9E2EC251CE66A00B5491E /* Assets.xcassets */; };
		8EA9E2F0251CE66A00B5491E /* LaunchScreen.storyboard in Resources */ = {isa = PBXBuildFile; fileRef = 8EA9E2EE251CE66A00B5491E /* LaunchScreen.storyboard */; };
/* End PBXBuildFile section */

/* Begin PBXFileReference section */
		8EA9E2E0251CE66600B5491E /* SwiftHUDDemo.app */ = {isa = PBXFileReference; explicitFileType = wrapper.application; includeInIndex = 0; path = SwiftHUDDemo.app; sourceTree = BUILT_PRODUCTS_DIR; };
		8EA9E2E3251CE66600B5491E /* AppDelegate.swift */ = {isa = PBXFileReference; lastKnownFileType = sourcecode.swift; path = AppDelegate.swift; sourceTree = "<group>"; };
		8EA9E2E5251CE66600B5491E /* SceneDelegate.swift */ = {isa = PBXFileReference; lastKnownFileType = sourcecode.swift; path = SceneDelegate.swift; sourceTree = "<group>"; };
		8EA9E2E7251CE66600B5491E /* ViewController.swift */ = {isa = PBXFileReference; lastKnownFileType = sourcecode.swift; path = ViewController.swift; sourceTree = "<group>"; };
		8EA9E2EA251CE66600B5491E /* Base */ = {isa = PBXFileReference; lastKnownFileType = file.storyboard; name = Base; path = Base.lproj/Main.storyboard; sourceTree = "<group>"; };
		8EA9E2EC251CE66A00B5491E /* Assets.xcassets */ = {isa = PBXFileReference; lastKnownFileType = folder.assetcatalog; path = Assets.xcassets; sourceTree = "<group>"; };
		8EA9E2EF251CE66A00B5491E /* Base */ = {isa = PBXFileReference; lastKnownFileType = file.storyboard; name = Base; path = Base.lproj/LaunchScreen.storyboard; sourceTree = "<group>"; };
		8EA9E2F1251CE66A00B5491E /* Info.plist */ = {isa = PBXFileReference; lastKnownFileType = text.plist.xml; path = Info.plist; sourceTree = "<group>"; };
/* End PBXFileReference section */

/* Begin PBXFrameworksBuildPhase section */
		8EA9E2DD251CE66600B5491E /* Frameworks */ = {
			isa = PBXFrameworksBuildPhase;
			buildActionMask = 2147483647;
			files = (
			);
			runOnlyForDeploymentPostprocessing = 0;
		};
/* End PBXFrameworksBuildPhase section */

/* Begin PBXGroup section */
		8EA9E2D7251CE66600B5491E = {
			isa = PBXGroup;
			children = (
				8EA9E2E2251CE66600B5491E /* SwiftHUDDemo */,
				8EA9E2E1251CE66600B5491E /* Products */,
			);
			sourceTree = "<group>";
		};
		8EA9E2E1251CE66600B5491E /* Products */ = {
			isa = PBXGroup;
			children = (
				8EA9E2E0251CE66600B5491E /* SwiftHUDDemo.app */,
			);
			name = Products;
			sourceTree = "<group>";
		};
		8EA9E2E2251CE66600B5491E /* SwiftHUDDemo */ = {
			isa = PBXGroup;
			children = (
				8EA9E2E3251CE66600B5491E /* AppDelegate.swift */,
				8EA9E2E5251CE66600B5491E /* SceneDelegate.swift */,
				8EA9E2E7251CE66600B5491E /* ViewController.swift */,
				8EA9E2E9251CE66600B5491E /* Main.storyboard */,
				8EA9E2EC251CE66A00B5491E /* Assets.xcassets */,
				8EA9E2EE251CE66A00B5491E /* LaunchScreen.storyboard */,
				8EA9E2F1251CE66A00B5491E /* Info.plist */,
			);
			path = SwiftHUDDemo;
			sourceTree = "<group>";
		};
/* End PBXGroup section */

/* Begin PBXNativeTarget section */
		8EA9E2DF251CE66600B5491E /* SwiftHUDDemo */ = {
			isa = PBXNativeTarget;
			buildConfigurationList = 8EA9E2F4251CE66A00B5491E /* Build configuration list for PBXNativeTarget "SwiftHUDDemo" */;
			buildPhases = (
				8EA9E2DC251CE66600B5491E /* Sources */,
				8EA9E2DD251CE66600B5491E /* Frameworks */,
				8EA9E2DE251CE66600B5491E /* Resources */,
			);
			buildRules = (
			);
			dependencies = (
			);
			name = SwiftHUDDemo;
			productName = SwiftHUDDemo;
			productReference = 8EA9E2E0251CE66600B5491E /* SwiftHUDDemo.app */;
			productType = "com.apple.product-type.application";
		};
/* End PBXNativeTarget section */

/* Begin PBXProject section */
		8EA9E2D8251CE66600B5491E /* Project object */ = {
			isa = PBXProject;
			attributes = {
				LastSwiftUpdateCheck = 1130;
				LastUpgradeCheck = 1130;
				ORGANIZATIONNAME = ShaoQing;
				TargetAttributes = {
					8EA9E2DF251CE66600B5491E = {
						CreatedOnToolsVersion = 11.3.1;
					};
				};
			};
			buildConfigurationList = 8EA9E2DB251CE66600B5491E /* Build configuration list for PBXProject "SwiftHUDDemo" */;
			compatibilityVersion = "Xcode 9.3";
			developmentRegion = en;
			hasScannedForEncodings = 0;
			knownRegions = (
				en,
				Base,
			);
			mainGroup = 8EA9E2D7251CE66600B5491E;
			productRefGroup = 8EA9E2E1251CE66600B5491E /* Products */;
			projectDirPath = "";
			projectRoot = "";
			targets = (
				8EA9E2DF251CE66600B5491E /* SwiftHUDDemo */,
			);
		};
/* End PBXProject section */

/* Begin PBXResourcesBuildPhase section */
		8EA9E2DE251CE66600B5491E /* Resources */ = {
			isa = PBXResourcesBuildPhase;
			buildActionMask = 2147483647;
			files = (
				8EA9E2F0251CE66A00B5491E /* LaunchScreen.storyboard in Resources */,
				8EA9E2ED251CE66A00B5491E /* Assets.xcassets in Resources */,
				8EA9E2EB251CE66600B5491E /* Main.storyboard in Resources */,
			);
			runOnlyForDeploymentPostprocessing = 0;
		};
/* End PBXResourcesBuildPhase section */

/* Begin PBXSourcesBuildPhase section */
		8EA9E2DC251CE66600B5491E /* Sources */ = {
			isa = PBXSourcesBuildPhase;
			buildActionMask = 2147483647;
			files = (
				8EA9E2E8251CE66600B5491E /* ViewController.swift in Sources */,
				8EA9E2E4251CE66600B5491E /* AppDelegate.swift in Sources */,
				8EA9E2E6251CE66600B5491E /* SceneDelegate.swift in Sources */,
			);
			runOnlyForDeploymentPostprocessing = 0;
		};
/* End PBXSourcesBuildPhase section */

/* Begin PBXVariantGroup section */
		8EA9E2E9251CE66600B5491E /* Main.storyboard */ = {
			isa = PBXVariantGroup;
			children = (
				8EA9E2EA251CE66600B5491E /* Base */,
			);
			name = Main.storyboard;
			sourceTree = "<group>";
		};
		8EA9E2EE251CE66A00B5491E /* LaunchScreen.storyboard */ = {
			isa = PBXVariantGroup;
			children = (
				8EA9E2EF251CE66A00B5491E /* Base */,
			);
			name = LaunchScreen.storyboard;
			sourceTree = "<group>";
		};
/* End PBXVariantGroup section */

/* Begin XCBuildConfiguration section */
		8EA9E2F2251CE66A00B5491E /* Debug */ = {
			isa = XCBuildConfiguration;
			buildSettings = {
				ALWAYS_SEARCH_USER_PATHS = NO;
				CLANG_ANALYZER_NONNULL = YES;
				CLANG_ANALYZER_NUMBER_OBJECT_CONVERSION = YES_AGGRESSIVE;
				CLANG_CXX_LANGUAGE_STANDARD = "gnu++14";
				CLANG_CXX_LIBRARY = "libc++";
				CLANG_ENABLE_MODULES = YES;
				CLANG_ENABLE_OBJC_ARC = YES;
				CLANG_ENABLE_OBJC_WEAK = YES;
				CLANG_WARN_BLOCK_CAPTURE_AUTORELEASING = YES;
				CLANG_WARN_BOOL_CONVERSION = YES;
				CLANG_WARN_COMMA = YES;
				CLANG_WARN_CONSTANT_CONVERSION = YES;
				CLANG_WARN_DEPRECATED_OBJC_IMPLEMENTATIONS = YES;
				CLANG_WARN_DIRECT_OBJC_ISA_USAGE = YES_ERROR;
				CLANG_WARN_DOCUMENTATION_COMMENTS = YES;
				CLANG_WARN_EMPTY_BODY = YES;
				CLANG_WARN_ENUM_CONVERSION = YES;
				CLANG_WARN_INFINITE_RECURSION = YES;
				CLANG_WARN_INT_CONVERSION = YES;
				CLANG_WARN_NON_LITERAL_NULL_CONVERSION = YES;
				CLANG_WARN_OBJC_IMPLICIT_RETAIN_SELF = YES;
				CLANG_WARN_OBJC_LITERAL_CONVERSION = YES;
				CLANG_WARN_OBJC_ROOT_CLASS = YES_ERROR;
				CLANG_WARN_RANGE_LOOP_ANALYSIS = YES;
				CLANG_WARN_STRICT_PROTOTYPES = YES;
				CLANG_WARN_SUSPICIOUS_MOVE = YES;
				CLANG_WARN_UNGUARDED_AVAILABILITY = YES_AGGRESSIVE;
				CLANG_WARN_UNREACHABLE_CODE = YES;
				CLANG_WARN__DUPLICATE_METHOD_MATCH = YES;
				COPY_PHASE_STRIP = NO;
				DEBUG_INFORMATION_FORMAT = dwarf;
				ENABLE_STRICT_OBJC_MSGSEND = YES;
				ENABLE_TESTABILITY = YES;
				GCC_C_LANGUAGE_STANDARD = gnu11;
				GCC_DYNAMIC_NO_PIC = NO;
				GCC_NO_COMMON_BLOCKS = YES;
				GCC_OPTIMIZATION_LEVEL = 0;
				GCC_PREPROCESSOR_DEFINITIONS = (
					"DEBUG=1",
					"$(inherited)",
				);
				GCC_WARN_64_TO_32_BIT_CONVERSION = YES;
				GCC_WARN_ABOUT_RETURN_TYPE = YES_ERROR;
				GCC_WARN_UNDECLARED_SELECTOR = YES;
				GCC_WARN_UNINITIALIZED_AUTOS = YES_AGGRESSIVE;
				GCC_WARN_UNUSED_FUNCTION = YES;
				GCC_WARN_UNUSED_VARIABLE = YES;
				IPHONEOS_DEPLOYMENT_TARGET = 13.2;
				MTL_ENABLE_DEBUG_INFO = INCLUDE_SOURCE;
				MTL_FAST_MATH = YES;
				ONLY_ACTIVE_ARCH = YES;
				SDKROOT = iphoneos;
				SWIFT_ACTIVE_COMPILATION_CONDITIONS = DEBUG;
				SWIFT_OPTIMIZATION_LEVEL = "-Onone";
			};
			name = Debug;
		};
		8EA9E2F3251CE66A00B5491E /* Release */ = {
			isa = XCBuildConfiguration;
			buildSettings = {
				ALWAYS_SEARCH_USER_PATHS = NO;
				CLANG_ANALYZER_NONNULL = YES;
				CLANG_ANALYZER_NUMBER_OBJECT_CONVERSION = YES_AGGRESSIVE;
				CLANG_CXX_LANGUAGE_STANDARD = "gnu++14";
				CLANG_CXX_LIBRARY = "libc++";
				CLANG_ENABLE_MODULES = YES;
				CLANG_ENABLE_OBJC_ARC = YES;
				CLANG_ENABLE_OBJC_WEAK = YES;
				CLANG_WARN_BLOCK_CAPTURE_AUTORELEASING = YES;
				CLANG_WARN_BOOL_CONVERSION = YES;
				CLANG_WARN_COMMA = YES;
				CLANG_WARN_CONSTANT_CONVERSION = YES;
				CLANG_WARN_DEPRECATED_OBJC_IMPLEMENTATIONS = YES;
				CLANG_WARN_DIRECT_OBJC_ISA_USAGE = YES_ERROR;
				CLANG_WARN_DOCUMENTATION_COMMENTS = YES;
				CLANG_WARN_EMPTY_BODY = YES;
				CLANG_WARN_ENUM_CONVERSION = YES;
				CLANG_WARN_INFINITE_RECURSION = YES;
				CLANG_WARN_INT_CONVERSION = YES;
				CLANG_WARN_NON_LITERAL_NULL_CONVERSION = YES;
				CLANG_WARN_OBJC_IMPLICIT_RETAIN_SELF = YES;
				CLANG_WARN_OBJC_LITERAL_CONVERSION = YES;
				CLANG_WARN_OBJC_ROOT_CLASS = YES_ERROR;
				CLANG_WARN_RANGE_LOOP_ANALYSIS = YES;
				CLANG_WARN_STRICT_PROTOTYPES = YES;
				CLANG_WARN_SUSPICIOUS_MOVE = YES;
				CLANG_WARN_UNGUARDED_AVAILABILITY = YES_AGGRESSIVE;
				CLANG_WARN_UNREACHABLE_CODE = YES;
				CLANG_WARN__DUPLICATE_METHOD_MATCH = YES;
				COPY_PHASE_STRIP = NO;
				DEBUG_INFORMATION_FORMAT = "dwarf-with-dsym";
				ENABLE_NS_ASSERTIONS = NO;
				ENABLE_STRICT_OBJC_MSGSEND = YES;
				GCC_C_LANGUAGE_STANDARD = gnu11;
				GCC_NO_COMMON_BLOCKS = YES;
				GCC_WARN_64_TO_32_BIT_CONVERSION = YES;
				GCC_WARN_ABOUT_RETURN_TYPE = YES_ERROR;
				GCC_WARN_UNDECLARED_SELECTOR = YES;
				GCC_WARN_UNINITIALIZED_AUTOS = YES_AGGRESSIVE;
				GCC_WARN_UNUSED_FUNCTION = YES;
				GCC_WARN_UNUSED_VARIABLE = YES;
				IPHONEOS_DEPLOYMENT_TARGET = 13.2;
				MTL_ENABLE_DEBUG_INFO = NO;
				MTL_FAST_MATH = YES;
				SDKROOT = iphoneos;
				SWIFT_COMPILATION_MODE = wholemodule;
				SWIFT_OPTIMIZATION_LEVEL = "-O";
				VALIDATE_PRODUCT = YES;
			};
			name = Release;
		};
		8EA9E2F5251CE66A00B5491E /* Debug */ = {
			isa = XCBuildConfiguration;
			buildSettings = {
				ASSETCATALOG_COMPILER_APPICON_NAME = AppIcon;
				CODE_SIGN_STYLE = Automatic;
				DEVELOPMENT_TEAM = FA6LA8D4RM;
				INFOPLIST_FILE = SwiftHUDDemo/Info.plist;
				LD_RUNPATH_SEARCH_PATHS = (
					"$(inherited)",
					"@executable_path/Frameworks",
				);
				PRODUCT_BUNDLE_IDENTIFIER = com.allapp.SwiftHUDDemo;
				PRODUCT_NAME = "$(TARGET_NAME)";
				SWIFT_VERSION = 5.0;
				TARGETED_DEVICE_FAMILY = "1,2";
			};
			name = Debug;
		};
		8EA9E2F6251CE66A00B5491E /* Release */ = {
			isa = XCBuildConfiguration;
			buildSettings = {
				ASSETCATALOG_COMPILER_APPICON_NAME = AppIcon;
				CODE_SIGN_STYLE = Automatic;
				DEVELOPMENT_TEAM = FA6LA8D4RM;
				INFOPLIST_FILE = SwiftHUDDemo/Info.plist;
				LD_RUNPATH_SEARCH_PATHS = (
					"$(inherited)",
					"@executable_path/Frameworks",
				);
				PRODUCT_BUNDLE_IDENTIFIER = com.allapp.SwiftHUDDemo;
				PRODUCT_NAME = "$(TARGET_NAME)";
				SWIFT_VERSION = 5.0;
				TARGETED_DEVICE_FAMILY = "1,2";
			};
			name = Release;
		};
/* End XCBuildConfiguration section */

/* Begin XCConfigurationList section */
		8EA9E2DB251CE66600B5491E /* Build configuration list for PBXProject "SwiftHUDDemo" */ = {
			isa = XCConfigurationList;
			buildConfigurations = (
				8EA9E2F2251CE66A00B5491E /* Debug */,
				8EA9E2F3251CE66A00B5491E /* Release */,
			);
			defaultConfigurationIsVisible = 0;
			defaultConfigurationName = Release;
		};
		8EA9E2F4251CE66A00B5491E /* Build configuration list for PBXNativeTarget "SwiftHUDDemo" */ = {
			isa = XCConfigurationList;
			buildConfigurations = (
				8EA9E2F5251CE66A00B5491E /* Debug */,
				8EA9E2F6251CE66A00B5491E /* Release */,
			);
			defaultConfigurationIsVisible = 0;
			defaultConfigurationName = Release;
		};
/* End XCConfigurationList section */
	};
	rootObject = 8EA9E2D8251CE66600B5491E /* Project object */;
}
